
Microsoft Visual Studio Solution File, Format Version 12.00
# Visual Studio Version 17
VisualStudioVersion = 17.3.32929.385
MinimumVisualStudioVersion = 10.0.40219.1
Project("{9A19103F-16F7-4668-BE54-9A1E7A4F7556}") = "RFR340_HFT_2022231.Client", "RFR340_HFT_2022231.Client\RFR340_HFT_2022231.Client.csproj", "{54811954-D137-4362-AB06-E0CE9B3135BD}"
EndProject
Project("{9A19103F-16F7-4668-BE54-9A1E7A4F7556}") = "RFR340_HFT_2022231.Models", "RFR340_HFT_2022231.Models\RFR340_HFT_2022231.Models.csproj", "{DA219AA3-A9EE-42DD-A41C-48DAFC1297F1}"
EndProject
Project("{9A19103F-16F7-4668-BE54-9A1E7A4F7556}") = "RFR340_HFT_2022231.Logic", "RFR340_HFT_2022231.Logic\RFR340_HFT_2022231.Logic.csproj", "{498B8223-AA03-4057-BEE0-D61E2A65D79E}"
EndProject
Project("{9A19103F-16F7-4668-BE54-9A1E7A4F7556}") = "RFR340_HFT_2022231.Repository", "RFR340_HFT_2022231.Repository\RFR340_HFT_2022231.Repository.csproj", "{B9AA1AFD-571C-425F-9D55-B1B06C323562}"
EndProject
Project("{9A19103F-16F7-4668-BE54-9A1E7A4F7556}") = "RFR340_HFT_2022231.Endpoint", "RFR340_HFT_2022231.Endpoint\RFR340_HFT_2022231.Endpoint.csproj", "{119915FE-9CB6-46E1-8264-368F33F9453E}"
EndProject
Project("{9A19103F-16F7-4668-BE54-9A1E7A4F7556}") = "RFR340_HFT_2022231.Test", "RFR340_HFT_2022231.Test\RFR340_HFT_2022231.Test.csproj", "{0284CB2F-3FAF-4A2C-8FA9-E50BA28135FE}"
EndProject
Project("{2150E333-8FDC-42A3-9474-1A3956D46DE8}") = "Backend", "Backend", "{670E90A1-5D57-41C9-B120-A0AE78405952}"
EndProject
Project("{2150E333-8FDC-42A3-9474-1A3956D46DE8}") = "Frontend", "Frontend", "{EE20CAFC-D14F-4E13-B9CB-19E8D5184EE7}"
EndProject
Project("{2150E333-8FDC-42A3-9474-1A3956D46DE8}") = "Shared", "Shared", "{19D0EAED-93C5-48D0-9ECE-D5BFA7A582EB}"
EndProject
Global
	GlobalSection(SolutionConfigurationPlatforms) = preSolution
		Debug|Any CPU = Debug|Any CPU
		Release|Any CPU = Release|Any CPU
	EndGlobalSection
	GlobalSection(ProjectConfigurationPlatforms) = postSolution
		{54811954-D137-4362-AB06-E0CE9B3135BD}.Debug|Any CPU.ActiveCfg = Debug|Any CPU
		{54811954-D137-4362-AB06-E0CE9B3135BD}.Debug|Any CPU.Build.0 = Debug|Any CPU
		{54811954-D137-4362-AB06-E0CE9B3135BD}.Release|Any CPU.ActiveCfg = Release|Any CPU
		{54811954-D137-4362-AB06-E0CE9B3135BD}.Release|Any CPU.Build.0 = Release|Any CPU
		{DA219AA3-A9EE-42DD-A41C-48DAFC1297F1}.Debug|Any CPU.ActiveCfg = Debug|Any CPU
		{DA219AA3-A9EE-42DD-A41C-48DAFC1297F1}.Debug|Any CPU.Build.0 = Debug|Any CPU
		{DA219AA3-A9EE-42DD-A41C-48DAFC1297F1}.Release|Any CPU.ActiveCfg = Release|Any CPU
		{DA219AA3-A9EE-42DD-A41C-48DAFC1297F1}.Release|Any CPU.Build.0 = Release|Any CPU
		{498B8223-AA03-4057-BEE0-D61E2A65D79E}.Debug|Any CPU.ActiveCfg = Debug|Any CPU
		{498B8223-AA03-4057-BEE0-D61E2A65D79E}.Debug|Any CPU.Build.0 = Debug|Any CPU
		{498B8223-AA03-4057-BEE0-D61E2A65D79E}.Release|Any CPU.ActiveCfg = Release|Any CPU
		{498B8223-AA03-4057-BEE0-D61E2A65D79E}.Release|Any CPU.Build.0 = Release|Any CPU
		{B9AA1AFD-571C-425F-9D55-B1B06C323562}.Debug|Any CPU.ActiveCfg = Debug|Any CPU
		{B9AA1AFD-571C-425F-9D55-B1B06C323562}.Debug|Any CPU.Build.0 = Debug|Any CPU
		{B9AA1AFD-571C-425F-9D55-B1B06C323562}.Release|Any CPU.ActiveCfg = Release|Any CPU
		{B9AA1AFD-571C-425F-9D55-B1B06C323562}.Release|Any CPU.Build.0 = Release|Any CPU
		{119915FE-9CB6-46E1-8264-368F33F9453E}.Debug|Any CPU.ActiveCfg = Debug|Any CPU
		{119915FE-9CB6-46E1-8264-368F33F9453E}.Debug|Any CPU.Build.0 = Debug|Any CPU
		{119915FE-9CB6-46E1-8264-368F33F9453E}.Release|Any CPU.ActiveCfg = Release|Any CPU
		{119915FE-9CB6-46E1-8264-368F33F9453E}.Release|Any CPU.Build.0 = Release|Any CPU
		{0284CB2F-3FAF-4A2C-8FA9-E50BA28135FE}.Debug|Any CPU.ActiveCfg = Debug|Any CPU
		{0284CB2F-3FAF-4A2C-8FA9-E50BA28135FE}.Debug|Any CPU.Build.0 = Debug|Any CPU
		{0284CB2F-3FAF-4A2C-8FA9-E50BA28135FE}.Release|Any CPU.ActiveCfg = Release|Any CPU
		{0284CB2F-3FAF-4A2C-8FA9-E50BA28135FE}.Release|Any CPU.Build.0 = Release|Any CPU
	EndGlobalSection
	GlobalSection(SolutionProperties) = preSolution
		HideSolutionNode = FALSE
	EndGlobalSection
	GlobalSection(NestedProjects) = preSolution
		{54811954-D137-4362-AB06-E0CE9B3135BD} = {EE20CAFC-D14F-4E13-B9CB-19E8D5184EE7}
		{DA219AA3-A9EE-42DD-A41C-48DAFC1297F1} = {19D0EAED-93C5-48D0-9ECE-D5BFA7A582EB}
		{498B8223-AA03-4057-BEE0-D61E2A65D79E} = {670E90A1-5D57-41C9-B120-A0AE78405952}
		{B9AA1AFD-571C-425F-9D55-B1B06C323562} = {670E90A1-5D57-41C9-B120-A0AE78405952}
		{119915FE-9CB6-46E1-8264-368F33F9453E} = {670E90A1-5D57-41C9-B120-A0AE78405952}
		{0284CB2F-3FAF-4A2C-8FA9-E50BA28135FE} = {670E90A1-5D57-41C9-B120-A0AE78405952}
	EndGlobalSection
	GlobalSection(ExtensibilityGlobals) = postSolution
		SolutionGuid = {1A0C9CA6-FD1E-493F-87BF-C1483F56EF89}
	EndGlobalSection
EndGlobal
